
Microsoft Visual Studio Solution File, Format Version 12.00
# Visual Studio Version 17
VisualStudioVersion = 17.9.34622.214
MinimumVisualStudioVersion = 10.0.40219.1
Project("{FAE04EC0-301F-11D3-BF4B-00C04F79EFBC}") = "HW_TextEditor", "HW_TextEditor\HW_TextEditor.csproj", "{031BE957-C124-4EB8-AC45-B32D323810F5}"
EndProject
Global
	GlobalSection(SolutionConfigurationPlatforms) = preSolution
		Debug|Any CPU = Debug|Any CPU
		Release|Any CPU = Release|Any CPU
	EndGlobalSection
	GlobalSection(ProjectConfigurationPlatforms) = postSolution
		{031BE957-C124-4EB8-AC45-B32D323810F5}.Debug|Any CPU.ActiveCfg = Debug|Any CPU
		{031BE957-C124-4EB8-AC45-B32D323810F5}.Debug|Any CPU.Build.0 = Debug|Any CPU
		{031BE957-C124-4EB8-AC45-B32D323810F5}.Release|Any CPU.ActiveCfg = Release|Any CPU
		{031BE957-C124-4EB8-AC45-B32D323810F5}.Release|Any CPU.Build.0 = Release|Any CPU
	EndGlobalSection
	GlobalSection(SolutionProperties) = preSolution
		HideSolutionNode = FALSE
	EndGlobalSection
	GlobalSection(ExtensibilityGlobals) = postSolution
		SolutionGuid = {12E1985B-3D53-4EF3-B3B1-4D811F208BE2}
	EndGlobalSection
EndGlobal
